
Microsoft Visual Studio Solution File, Format Version 12.00
# Visual Studio 15
VisualStudioVersion = 15.0.34930.48
MinimumVisualStudioVersion = 10.0.40219.1
Project("{FAE04EC0-301F-11D3-BF4B-00C04F79EFBC}") = "CapaPresentacion", "capapresentacion\CapaPresentacion.csproj", "{922936B7-7B32-44EF-847D-767E673A41EA}"
EndProject
Project("{FAE04EC0-301F-11D3-BF4B-00C04F79EFBC}") = "CapaEntidad", "capaentidad\CapaEntidad.csproj", "{BBC7DF2E-67BC-4DDC-93C6-D9EFF2C71C08}"
EndProject
Project("{FAE04EC0-301F-11D3-BF4B-00C04F79EFBC}") = "CapaNegocio", "ClassLibrary1\CapaNegocio.csproj", "{A58AB7CA-5210-402D-BDBA-AAE52DC9BDBB}"
EndProject
Project("{FAE04EC0-301F-11D3-BF4B-00C04F79EFBC}") = "CapaDatos", "CapaDatos\CapaDatos.csproj", "{CB7D8A6E-454D-49A7-9FC5-68E3C66075CE}"
EndProject
Global
	GlobalSection(SolutionConfigurationPlatforms) = preSolution
		Debug|Any CPU = Debug|Any CPU
		Release|Any CPU = Release|Any CPU
	EndGlobalSection
	GlobalSection(ProjectConfigurationPlatforms) = postSolution
		{922936B7-7B32-44EF-847D-767E673A41EA}.Debug|Any CPU.ActiveCfg = Debug|Any CPU
		{922936B7-7B32-44EF-847D-767E673A41EA}.Debug|Any CPU.Build.0 = Debug|Any CPU
		{922936B7-7B32-44EF-847D-767E673A41EA}.Release|Any CPU.ActiveCfg = Release|Any CPU
		{922936B7-7B32-44EF-847D-767E673A41EA}.Release|Any CPU.Build.0 = Release|Any CPU
		{BBC7DF2E-67BC-4DDC-93C6-D9EFF2C71C08}.Debug|Any CPU.ActiveCfg = Debug|Any CPU
		{BBC7DF2E-67BC-4DDC-93C6-D9EFF2C71C08}.Debug|Any CPU.Build.0 = Debug|Any CPU
		{BBC7DF2E-67BC-4DDC-93C6-D9EFF2C71C08}.Release|Any CPU.ActiveCfg = Release|Any CPU
		{BBC7DF2E-67BC-4DDC-93C6-D9EFF2C71C08}.Release|Any CPU.Build.0 = Release|Any CPU
		{A58AB7CA-5210-402D-BDBA-AAE52DC9BDBB}.Debug|Any CPU.ActiveCfg = Debug|Any CPU
		{A58AB7CA-5210-402D-BDBA-AAE52DC9BDBB}.Debug|Any CPU.Build.0 = Debug|Any CPU
		{A58AB7CA-5210-402D-BDBA-AAE52DC9BDBB}.Release|Any CPU.ActiveCfg = Release|Any CPU
		{A58AB7CA-5210-402D-BDBA-AAE52DC9BDBB}.Release|Any CPU.Build.0 = Release|Any CPU
		{CB7D8A6E-454D-49A7-9FC5-68E3C66075CE}.Debug|Any CPU.ActiveCfg = Debug|Any CPU
		{CB7D8A6E-454D-49A7-9FC5-68E3C66075CE}.Debug|Any CPU.Build.0 = Debug|Any CPU
		{CB7D8A6E-454D-49A7-9FC5-68E3C66075CE}.Release|Any CPU.ActiveCfg = Release|Any CPU
		{CB7D8A6E-454D-49A7-9FC5-68E3C66075CE}.Release|Any CPU.Build.0 = Release|Any CPU
	EndGlobalSection
	GlobalSection(SolutionProperties) = preSolution
		HideSolutionNode = FALSE
	EndGlobalSection
	GlobalSection(ExtensibilityGlobals) = postSolution
		SolutionGuid = {D8C2600B-9048-4ED2-94BD-EF5E0F96CC91}
	EndGlobalSection
EndGlobal
